
Microsoft Visual Studio Solution File, Format Version 12.00
# Visual Studio 15
Project("{FAE04EC0-301F-11D3-BF4B-00C04F79EFBC}") = "Assembly-CSharp", "Assembly-CSharp.csproj", "{FC0C6D04-81FE-39A1-182A-E107C7BF1E0A}"
EndProject
Project("{FAE04EC0-301F-11D3-BF4B-00C04F79EFBC}") = "Assembly-CSharp-Editor", "Assembly-CSharp-Editor.csproj", "{0870EF22-BEBA-73C8-1900-761B4136E47C}"
EndProject
Global
	GlobalSection(SolutionConfigurationPlatforms) = preSolution
		Debug|Any CPU = Debug|Any CPU
		Release|Any CPU = Release|Any CPU
	EndGlobalSection
	GlobalSection(ProjectConfigurationPlatforms) = postSolution
		{FC0C6D04-81FE-39A1-182A-E107C7BF1E0A}.Debug|Any CPU.ActiveCfg = Debug|Any CPU
		{FC0C6D04-81FE-39A1-182A-E107C7BF1E0A}.Debug|Any CPU.Build.0 = Debug|Any CPU
		{FC0C6D04-81FE-39A1-182A-E107C7BF1E0A}.Release|Any CPU.ActiveCfg = Release|Any CPU
		{FC0C6D04-81FE-39A1-182A-E107C7BF1E0A}.Release|Any CPU.Build.0 = Release|Any CPU
		{0870EF22-BEBA-73C8-1900-761B4136E47C}.Debug|Any CPU.ActiveCfg = Debug|Any CPU
		{0870EF22-BEBA-73C8-1900-761B4136E47C}.Debug|Any CPU.Build.0 = Debug|Any CPU
		{0870EF22-BEBA-73C8-1900-761B4136E47C}.Release|Any CPU.ActiveCfg = Release|Any CPU
		{0870EF22-BEBA-73C8-1900-761B4136E47C}.Release|Any CPU.Build.0 = Release|Any CPU
	EndGlobalSection
	GlobalSection(SolutionProperties) = preSolution
		HideSolutionNode = FALSE
	EndGlobalSection
EndGlobal
